
Microsoft Visual Studio Solution File, Format Version 10.00
# Visual Studio 2008
Project("{FAE04EC0-301F-11D3-BF4B-00C04F79EFBC}") = "FoodOrderApplicationv1.0", "FoodOrderApplicationv1.0\FoodOrderApplicationv1.0.csproj", "{86FF9DCE-E489-47BE-A091-D7552D865258}"
EndProject
Global
	GlobalSection(SolutionConfigurationPlatforms) = preSolution
		Debug|Any CPU = Debug|Any CPU
		Debug|x86 = Debug|x86
		Release|Any CPU = Release|Any CPU
		Release|x86 = Release|x86
	EndGlobalSection
	GlobalSection(ProjectConfigurationPlatforms) = postSolution
		{86FF9DCE-E489-47BE-A091-D7552D865258}.Debug|Any CPU.ActiveCfg = Debug|Any CPU
		{86FF9DCE-E489-47BE-A091-D7552D865258}.Debug|Any CPU.Build.0 = Debug|Any CPU
		{86FF9DCE-E489-47BE-A091-D7552D865258}.Debug|x86.ActiveCfg = Debug|x86
		{86FF9DCE-E489-47BE-A091-D7552D865258}.Debug|x86.Build.0 = Debug|x86
		{86FF9DCE-E489-47BE-A091-D7552D865258}.Release|Any CPU.ActiveCfg = Release|Any CPU
		{86FF9DCE-E489-47BE-A091-D7552D865258}.Release|Any CPU.Build.0 = Release|Any CPU
		{86FF9DCE-E489-47BE-A091-D7552D865258}.Release|x86.ActiveCfg = Release|x86
		{86FF9DCE-E489-47BE-A091-D7552D865258}.Release|x86.Build.0 = Release|x86
	EndGlobalSection
	GlobalSection(SolutionProperties) = preSolution
		HideSolutionNode = FALSE
	EndGlobalSection
EndGlobal
